# THIS IS AN AUTOGENERATED FILE. DO NOT EDIT THIS FILE DIRECTLY.
# yarn lockfile v1


content-checker@^1.0.2:
  version "1.0.2"
  resolved "https://registry.yarnpkg.com/content-checker/-/content-checker-1.0.2.tgz#16f7c2cac0b93571dbb22f8363bc112fda0089ae"
  integrity sha512-0bgE/0w2NLz84YNEtatRtTvV4ufoO0UxYCO1hVnazxP1SUiW75KD7M2bP2JMiy18RuaRfkyHxgeZGIDwMOsCBg==
